Microsoft Visual Studio Solution File, Format Version 12.00
# Visual Studio 2012
Project("{FAE04EC0-301F-11D3-BF4B-00C04F79EFBC}") = "FUN_RUN_SPRC_PROJECT", "FUN_RUN_SPRC_PROJECT.csproj", "{0AF3514E-5BC9-4873-A6C1-025EDD0CB39B}"
EndProject
Global
	GlobalSection(SolutionConfigurationPlatforms) = preSolution
	Debug|Any CPU = Debug|Any CPU
	ExportDebug|Any CPU = ExportDebug|Any CPU
	ExportRelease|Any CPU = ExportRelease|Any CPU
	EndGlobalSection
	GlobalSection(ProjectConfigurationPlatforms) = postSolution
		{0AF3514E-5BC9-4873-A6C1-025EDD0CB39B}.Debug|Any CPU.ActiveCfg = Debug|Any CPU
		{0AF3514E-5BC9-4873-A6C1-025EDD0CB39B}.Debug|Any CPU.Build.0 = Debug|Any CPU
		{0AF3514E-5BC9-4873-A6C1-025EDD0CB39B}.ExportDebug|Any CPU.ActiveCfg = ExportDebug|Any CPU
		{0AF3514E-5BC9-4873-A6C1-025EDD0CB39B}.ExportDebug|Any CPU.Build.0 = ExportDebug|Any CPU
		{0AF3514E-5BC9-4873-A6C1-025EDD0CB39B}.ExportRelease|Any CPU.ActiveCfg = ExportRelease|Any CPU
		{0AF3514E-5BC9-4873-A6C1-025EDD0CB39B}.ExportRelease|Any CPU.Build.0 = ExportRelease|Any CPU
	EndGlobalSection
EndGlobal
